
Microsoft Visual Studio Solution File, Format Version 12.00
# Visual Studio 2013
VisualStudioVersion = 12.0.21005.1
MinimumVisualStudioVersion = 10.0.40219.1
Project("{FAE04EC0-301F-11D3-BF4B-00C04F79EFBC}") = "HZH_Controls", "HZH_Controls\HZH_Controls.csproj", "{AF32E163-C577-4CBC-A072-0DC1CE0E1DA3}"
EndProject
Project("{FAE04EC0-301F-11D3-BF4B-00C04F79EFBC}") = "Test", "Test\Test.csproj", "{53CCD007-AA85-4CCF-AE81-BBB8B1CBEB1F}"
EndProject
Global
	GlobalSection(SolutionConfigurationPlatforms) = preSolution
		Debug|Any CPU = Debug|Any CPU
		Release|Any CPU = Release|Any CPU
	EndGlobalSection
	GlobalSection(ProjectConfigurationPlatforms) = postSolution
		{AF32E163-C577-4CBC-A072-0DC1CE0E1DA3}.Debug|Any CPU.ActiveCfg = Debug|Any CPU
		{AF32E163-C577-4CBC-A072-0DC1CE0E1DA3}.Debug|Any CPU.Build.0 = Debug|Any CPU
		{AF32E163-C577-4CBC-A072-0DC1CE0E1DA3}.Release|Any CPU.ActiveCfg = Release|Any CPU
		{AF32E163-C577-4CBC-A072-0DC1CE0E1DA3}.Release|Any CPU.Build.0 = Release|Any CPU
		{53CCD007-AA85-4CCF-AE81-BBB8B1CBEB1F}.Debug|Any CPU.ActiveCfg = Debug|Any CPU
		{53CCD007-AA85-4CCF-AE81-BBB8B1CBEB1F}.Debug|Any CPU.Build.0 = Debug|Any CPU
		{53CCD007-AA85-4CCF-AE81-BBB8B1CBEB1F}.Release|Any CPU.ActiveCfg = Release|Any CPU
		{53CCD007-AA85-4CCF-AE81-BBB8B1CBEB1F}.Release|Any CPU.Build.0 = Release|Any CPU
	EndGlobalSection
	GlobalSection(SolutionProperties) = preSolution
		HideSolutionNode = FALSE
	EndGlobalSection
EndGlobal
